
Microsoft Visual Studio Solution File, Format Version 12.00
# Visual Studio Version 17
VisualStudioVersion = 17.8.34511.84
MinimumVisualStudioVersion = 10.0.40219.1
Project("{FAE04EC0-301F-11D3-BF4B-00C04F79EFBC}") = "WebApplication1", "WebApplication1\WebApplication1.csproj", "{8F32AD72-2AAF-499B-BB90-F9F903C0CBD6}"
EndProject
Global
	GlobalSection(SolutionConfigurationPlatforms) = preSolution
		Debug|Any CPU = Debug|Any CPU
		Release|Any CPU = Release|Any CPU
	EndGlobalSection
	GlobalSection(ProjectConfigurationPlatforms) = postSolution
		{8F32AD72-2AAF-499B-BB90-F9F903C0CBD6}.Debug|Any CPU.ActiveCfg = Debug|Any CPU
		{8F32AD72-2AAF-499B-BB90-F9F903C0CBD6}.Debug|Any CPU.Build.0 = Debug|Any CPU
		{8F32AD72-2AAF-499B-BB90-F9F903C0CBD6}.Release|Any CPU.ActiveCfg = Release|Any CPU
		{8F32AD72-2AAF-499B-BB90-F9F903C0CBD6}.Release|Any CPU.Build.0 = Release|Any CPU
	EndGlobalSection
	GlobalSection(SolutionProperties) = preSolution
		HideSolutionNode = FALSE
	EndGlobalSection
	GlobalSection(ExtensibilityGlobals) = postSolution
		SolutionGuid = {C7C474D6-30A2-4066-9D4C-43121A5AE386}
	EndGlobalSection
EndGlobal
