
Microsoft Visual Studio Solution File, Format Version 12.00
# Visual Studio Version 17
VisualStudioVersion = 17.8.34511.84
MinimumVisualStudioVersion = 10.0.40219.1
Project("{FAE04EC0-301F-11D3-BF4B-00C04F79EFBC}") = "Test1", "Test1\Test1.csproj", "{65559710-D829-4A0F-8F64-71B7E58AA085}"
EndProject
Global
	GlobalSection(SolutionConfigurationPlatforms) = preSolution
		Debug|Any CPU = Debug|Any CPU
		Release|Any CPU = Release|Any CPU
	EndGlobalSection
	GlobalSection(ProjectConfigurationPlatforms) = postSolution
		{65559710-D829-4A0F-8F64-71B7E58AA085}.Debug|Any CPU.ActiveCfg = Debug|Any CPU
		{65559710-D829-4A0F-8F64-71B7E58AA085}.Debug|Any CPU.Build.0 = Debug|Any CPU
		{65559710-D829-4A0F-8F64-71B7E58AA085}.Release|Any CPU.ActiveCfg = Release|Any CPU
		{65559710-D829-4A0F-8F64-71B7E58AA085}.Release|Any CPU.Build.0 = Release|Any CPU
	EndGlobalSection
	GlobalSection(SolutionProperties) = preSolution
		HideSolutionNode = FALSE
	EndGlobalSection
	GlobalSection(ExtensibilityGlobals) = postSolution
		SolutionGuid = {7C32216C-1FA6-4906-89A4-5D80F01FF5A3}
	EndGlobalSection
EndGlobal
